{
  "requires": true,
  "lockfileVersion": 1,
  "dependencies": {
    "jimp": {
      "version": "0.6.4",
      "resolved": "https://registry.npm.taobao.org/jimp/download/jimp-0.6.4.tgz",
      "dependencies": {
        "@babel/polyfill": {
          "version": "https://registry.npm.taobao.org/@babel/polyfill/download/@babel/polyfill-7.4.4.tgz?cache=0&other_urls=https%3A%2F%2Fregistry.npm.taobao.org%2F%40babel%2Fpolyfill%2Fdownload%2F%40babel%2Fpolyfill-7.4.4.tgz",
          "bundled": true,
          "dependencies": {
            "core-js": {
              "version": "https://registry.npm.taobao.org/core-js/download/core-js-2.6.9.tgz?cache=0&other_urls=https%3A%2F%2Fregistry.npm.taobao.org%2Fcore-js%2Fdownload%2Fcore-js-2.6.9.tgz",
              "bundled": true
            },
            "regenerator-runtime": {
              "version": "https://registry.npm.taobao.org/regenerator-runtime/download/regenerator-runtime-0.13.2.tgz?cache=0&other_urls=https%3A%2F%2Fregistry.npm.taobao.org%2Fregenerator-runtime%2Fdownload%2Fregenerator-runtime-0.13.2.tgz",
              "bundled": true
            }
          }
        },
        "@jimp/custom": {
          "version": "https://registry.npm.taobao.org/@jimp/custom/download/@jimp/custom-0.6.4.tgz",
          "bundled": true
        },
        "@jimp/plugins": {
          "version": "https://registry.npm.taobao.org/@jimp/plugins/download/@jimp/plugins-0.6.4.tgz",
          "bundled": true
        },
        "@jimp/types": {
          "version": "https://registry.npm.taobao.org/@jimp/types/download/@jimp/types-0.6.4.tgz",
          "bundled": true,
          "dependencies": {
            "@jimp/bmp": {
              "version": "https://registry.npm.taobao.org/@jimp/bmp/download/@jimp/bmp-0.6.4.tgz",
              "bundled": true,
              "dependencies": {
                "@jimp/utils": {
                  "version": "https://registry.npm.taobao.org/@jimp/utils/download/@jimp/utils-0.6.4.tgz",
                  "bundled": true,
                  "dependencies": {
                    "core-js": {
                      "version": "https://registry.npm.taobao.org/core-js/download/core-js-2.6.9.tgz?cache=0&other_urls=https%3A%2F%2Fregistry.npm.taobao.org%2Fcore-js%2Fdownload%2Fcore-js-2.6.9.tgz",
                      "bundled": true
                    }
                  }
                },
                "bmp-js": {
                  "version": "https://registry.npm.taobao.org/bmp-js/download/bmp-js-0.1.0.tgz",
                  "bundled": true
                },
                "core-js": {
                  "version": "https://registry.npm.taobao.org/core-js/download/core-js-2.6.9.tgz?cache=0&other_urls=https%3A%2F%2Fregistry.npm.taobao.org%2Fcore-js%2Fdownload%2Fcore-js-2.6.9.tgz",
                  "bundled": true
                }
              }
            },
            "@jimp/gif": {
              "version": "https://registry.npm.taobao.org/@jimp/gif/download/@jimp/gif-0.6.4.tgz",
              "bundled": true
            },
            "@jimp/jpeg": {
              "version": "https://registry.npm.taobao.org/@jimp/jpeg/download/@jimp/jpeg-0.6.4.tgz",
              "bundled": true
            },
            "@jimp/png": {
              "version": "https://registry.npm.taobao.org/@jimp/png/download/@jimp/png-0.6.4.tgz",
              "bundled": true
            },
            "@jimp/tiff": {
              "version": "https://registry.npm.taobao.org/@jimp/tiff/download/@jimp/tiff-0.6.4.tgz",
              "bundled": true
            },
            "core-js": {
              "version": "https://registry.npm.taobao.org/core-js/download/core-js-2.6.9.tgz?cache=0&other_urls=https%3A%2F%2Fregistry.npm.taobao.org%2Fcore-js%2Fdownload%2Fcore-js-2.6.9.tgz",
              "bundled": true
            },
            "timm": {
              "version": "https://registry.npm.taobao.org/timm/download/timm-1.6.1.tgz",
              "bundled": true
            }
          }
        },
        "core-js": {
          "version": "https://registry.npm.taobao.org/core-js/download/core-js-2.6.9.tgz?cache=0&other_urls=https%3A%2F%2Fregistry.npm.taobao.org%2Fcore-js%2Fdownload%2Fcore-js-2.6.9.tgz",
          "bundled": true
        }
      }
    },
    "qrcode-reader": {
      "version": "1.0.4",
      "resolved": "https://registry.npm.taobao.org/qrcode-reader/download/qrcode-reader-1.0.4.tgz"
    },
    "qrcode-terminal": {
      "version": "0.12.0",
      "resolved": "https://registry.npm.taobao.org/qrcode-terminal/download/qrcode-terminal-0.12.0.tgz"
    }
  }
}
